
Microsoft Visual Studio Solution File, Format Version 12.00
# Visual Studio 15
VisualStudioVersion = 15.0.28307.1927
MinimumVisualStudioVersion = 10.0.40219.1
Project("{FAE04EC0-301F-11D3-BF4B-00C04F79EFBC}") = "Test_task_for_mindbox", "Test_task_for_mindbox\Test_task_for_mindbox.csproj", "{91B23886-AB70-4765-A4D9-FDA63830A2D9}"
EndProject
Project("{FAE04EC0-301F-11D3-BF4B-00C04F79EFBC}") = "ClassLibraryForMindbox", "ClassLibraryForMindbox\ClassLibraryForMindbox.csproj", "{CAFC9036-399A-497E-96EE-0ABF42945EDE}"
EndProject
Global
	GlobalSection(SolutionConfigurationPlatforms) = preSolution
		Debug|Any CPU = Debug|Any CPU
		Release|Any CPU = Release|Any CPU
	EndGlobalSection
	GlobalSection(ProjectConfigurationPlatforms) = postSolution
		{91B23886-AB70-4765-A4D9-FDA63830A2D9}.Debug|Any CPU.ActiveCfg = Debug|Any CPU
		{91B23886-AB70-4765-A4D9-FDA63830A2D9}.Debug|Any CPU.Build.0 = Debug|Any CPU
		{91B23886-AB70-4765-A4D9-FDA63830A2D9}.Release|Any CPU.ActiveCfg = Release|Any CPU
		{91B23886-AB70-4765-A4D9-FDA63830A2D9}.Release|Any CPU.Build.0 = Release|Any CPU
		{CAFC9036-399A-497E-96EE-0ABF42945EDE}.Debug|Any CPU.ActiveCfg = Debug|Any CPU
		{CAFC9036-399A-497E-96EE-0ABF42945EDE}.Debug|Any CPU.Build.0 = Debug|Any CPU
		{CAFC9036-399A-497E-96EE-0ABF42945EDE}.Release|Any CPU.ActiveCfg = Release|Any CPU
		{CAFC9036-399A-497E-96EE-0ABF42945EDE}.Release|Any CPU.Build.0 = Release|Any CPU
	EndGlobalSection
	GlobalSection(SolutionProperties) = preSolution
		HideSolutionNode = FALSE
	EndGlobalSection
	GlobalSection(ExtensibilityGlobals) = postSolution
		SolutionGuid = {87803C52-E5A3-4FAC-AB4A-4EB1C05804CA}
	EndGlobalSection
EndGlobal
